# This file is autogenerated, do not edit; changes may be undone by the next 'dep ensure'.


[[projects]]
  digest = "1:d011035712f7f818389f863512c6698b6df3364d1b942bff5586a11825c943b8"
  name = "github.com/anthonynsimon/bild"
  packages = [
    "adjust",
    "blend",
    "blur",
    "clone",
    "convolution",
    "effect",
    "fcolor",
    "math/f64",
    "parallel",
    "segment",
    "transform",
    "util",
  ]
  pruneopts = ""
  revision = "35fd1904d43f809ded0959922164885e25577aa2"
  version = "v0.10.0"

[[projects]]
  digest = "1:b9dc6672d8e4ec6380d9e9d032ac8900275557922044ec03696917bfb8a8ae37"
  name = "github.com/fogleman/gg"
  packages = ["."]
  pruneopts = ""
  revision = "6166aa3c1afaee416f384645a81636267aee6d25"
  version = "v1.0.0"

[[projects]]
  branch = "master"
  digest = "1:22d1e63eb32562ff286667ca092e0c19b7ae71902b41d5dcc648df1db52ee6e7"
  name = "github.com/golang/freetype"
  packages = [
    "raster",
    "truetype",
  ]
  pruneopts = ""
  revision = "e2365dfdc4a05e4b8299a783240d4a7d5a65d4e4"

[[projects]]
  branch = "master"
  digest = "1:28073fcc03cc7deaa53696f5cae2ab4cfa93ddb1727f37b3ce8a649c0c61dfe3"
  name = "github.com/zach-klippenstein/goregen"
  packages = ["."]
  pruneopts = ""
  revision = "795b5e3961ea1912fde60af417ad85e86acc0d6a"

[[projects]]
  branch = "master"
  digest = "1:72227c0a05a6ab8f10ae505c5f51d11219213767a9566877288a52cbe863b1d9"
  name = "golang.org/x/image"
  packages = [
    "font",
    "font/basicfont",
    "font/plan9font",
    "math/fixed",
  ]
  pruneopts = ""
  revision = "cc896f830cedae125428bc9fe1b0362aa91b3fb1"

[solve-meta]
  analyzer-name = "dep"
  analyzer-version = 1
  input-imports = [
    "github.com/anthonynsimon/bild/adjust",
    "github.com/anthonynsimon/bild/blur",
    "github.com/anthonynsimon/bild/effect",
    "github.com/anthonynsimon/bild/segment",
    "github.com/anthonynsimon/bild/transform",
    "github.com/fogleman/gg",
    "github.com/zach-klippenstein/goregen",
    "golang.org/x/image/font",
  ]
  solver-name = "gps-cdcl"
  solver-version = 1
